
Microsoft Visual Studio Solution File, Format Version 12.00
# Visual Studio Version 16
VisualStudioVersion = 16.0.30517.126
MinimumVisualStudioVersion = 10.0.40219.1
Project("{FAE04EC0-301F-11D3-BF4B-00C04F79EFBC}") = "AdoCacheEngine", "AdoCacheEngine\AdoCacheEngine.csproj", "{9FB34478-E895-42CD-B758-929F8DB4CBD2}"
EndProject
Project("{FAE04EC0-301F-11D3-BF4B-00C04F79EFBC}") = "TestConsoleApp", "TestConsoleApp\TestConsoleApp.csproj", "{0A8E693F-6AA8-403C-A015-917E6007382B}"
EndProject
Global
	GlobalSection(SolutionConfigurationPlatforms) = preSolution
		Debug|Any CPU = Debug|Any CPU
		Release|Any CPU = Release|Any CPU
	EndGlobalSection
	GlobalSection(ProjectConfigurationPlatforms) = postSolution
		{9FB34478-E895-42CD-B758-929F8DB4CBD2}.Debug|Any CPU.ActiveCfg = Debug|Any CPU
		{9FB34478-E895-42CD-B758-929F8DB4CBD2}.Debug|Any CPU.Build.0 = Debug|Any CPU
		{9FB34478-E895-42CD-B758-929F8DB4CBD2}.Release|Any CPU.ActiveCfg = Release|Any CPU
		{9FB34478-E895-42CD-B758-929F8DB4CBD2}.Release|Any CPU.Build.0 = Release|Any CPU
		{0A8E693F-6AA8-403C-A015-917E6007382B}.Debug|Any CPU.ActiveCfg = Debug|Any CPU
		{0A8E693F-6AA8-403C-A015-917E6007382B}.Debug|Any CPU.Build.0 = Debug|Any CPU
		{0A8E693F-6AA8-403C-A015-917E6007382B}.Release|Any CPU.ActiveCfg = Release|Any CPU
		{0A8E693F-6AA8-403C-A015-917E6007382B}.Release|Any CPU.Build.0 = Release|Any CPU
	EndGlobalSection
	GlobalSection(SolutionProperties) = preSolution
		HideSolutionNode = FALSE
	EndGlobalSection
	GlobalSection(ExtensibilityGlobals) = postSolution
		SolutionGuid = {796B4BE1-8837-46DA-8FB6-BFB3092C2F6B}
	EndGlobalSection
EndGlobal
